// !$*UTF8*$!
{
	archiveVersion = 1;
	classes = {
	};
	objectVersion = 56;
	objects = {

/* Begin PBXBuildFile section */
		CF6A7CEF2D836A5E00BDB398 /* FlickrSearchApp.swift in Sources */ = {isa = PBXBuildFile; fileRef = CF6A7CEE2D836A5E00BDB398 /* FlickrSearchApp.swift */; };
		CF6A7CF32D836A6900BDB398 /* Assets.xcassets in Resources */ = {isa = PBXBuildFile; fileRef = CF6A7CF22D836A6900BDB398 /* Assets.xcassets */; };
		CF6A7CF62D836A6900BDB398 /* Preview Assets.xcassets in Resources */ = {isa = PBXBuildFile; fileRef = CF6A7CF52D836A6900BDB398 /* Preview Assets.xcassets */; };
		CF6A7D002D836A6A00BDB398 /* FlickrSearchTests.swift in Sources */ = {isa = PBXBuildFile; fileRef = CF6A7CFF2D836A6A00BDB398 /* FlickrSearchTests.swift */; };
		CF6A7D0A2D836A6A00BDB398 /* FlickrSearchUITests.swift in Sources */ = {isa = PBXBuildFile; fileRef = CF6A7D092D836A6A00BDB398 /* FlickrSearchUITests.swift */; };
		CF6A7D0C2D836A6A00BDB398 /* FlickrSearchUITestsLaunchTests.swift in Sources */ = {isa = PBXBuildFile; fileRef = CF6A7D0B2D836A6A00BDB398 /* FlickrSearchUITestsLaunchTests.swift */; };
		CF6A7D222D836B2C00BDB398 /* FeedItem.swift in Sources */ = {isa = PBXBuildFile; fileRef = CF6A7D212D836B2C00BDB398 /* FeedItem.swift */; };
		CF6A7D242D836BCD00BDB398 /* GetFeedUseCase.swift in Sources */ = {isa = PBXBuildFile; fileRef = CF6A7D232D836BCD00BDB398 /* GetFeedUseCase.swift */; };
		CF6A7D262D836CE100BDB398 /* FlickrFeedRepository.swift in Sources */ = {isa = PBXBuildFile; fileRef = CF6A7D252D836CE100BDB398 /* FlickrFeedRepository.swift */; };
		CF6A7D282D836D5B00BDB398 /* FlickrFeedRemoteDataSource.swift in Sources */ = {isa = PBXBuildFile; fileRef = CF6A7D272D836D5B00BDB398 /* FlickrFeedRemoteDataSource.swift */; };
		CF6A7D2A2D836DD300BDB398 /* FeedViewModel.swift in Sources */ = {isa = PBXBuildFile; fileRef = CF6A7D292D836DD300BDB398 /* FeedViewModel.swift */; };
		CF6A7D2C2D836E4600BDB398 /* FlickrSearchView.swift in Sources */ = {isa = PBXBuildFile; fileRef = CF6A7D2B2D836E4600BDB398 /* FlickrSearchView.swift */; };
		CF6A7D2E2D83721F00BDB398 /* Feed.swift in Sources */ = {isa = PBXBuildFile; fileRef = CF6A7D2D2D83721F00BDB398 /* Feed.swift */; };
		CF6A7D312D845D4100BDB398 /* CachedAsyncImage.swift in Sources */ = {isa = PBXBuildFile; fileRef = CF6A7D302D845D4100BDB398 /* CachedAsyncImage.swift */; };
		CF6A7D382D8462E900BDB398 /* ItemDetailsView.swift in Sources */ = {isa = PBXBuildFile; fileRef = CF6A7D372D8462E900BDB398 /* ItemDetailsView.swift */; };
		CF6A7D3F2D846BBF00BDB398 /* MockGetFeedUseCase.swift in Sources */ = {isa = PBXBuildFile; fileRef = CF6A7D3E2D846BBF00BDB398 /* MockGetFeedUseCase.swift */; };
		CF6A7D432D846C5100BDB398 /* FeedViewModelTests.swift in Sources */ = {isa = PBXBuildFile; fileRef = CF6A7D422D846C5100BDB398 /* FeedViewModelTests.swift */; };
/* End PBXBuildFile section */

/* Begin PBXContainerItemProxy section */
		CF6A7CFC2D836A6A00BDB398 /* PBXContainerItemProxy */ = {
			isa = PBXContainerItemProxy;
			containerPortal = CF6A7CE32D836A5E00BDB398 /* Project object */;
			proxyType = 1;
			remoteGlobalIDString = CF6A7CEA2D836A5E00BDB398;
			remoteInfo = FlickrSearch;
		};
		CF6A7D062D836A6A00BDB398 /* PBXContainerItemProxy */ = {
			isa = PBXContainerItemProxy;
			containerPortal = CF6A7CE32D836A5E00BDB398 /* Project object */;
			proxyType = 1;
			remoteGlobalIDString = CF6A7CEA2D836A5E00BDB398;
			remoteInfo = FlickrSearch;
		};
/* End PBXContainerItemProxy section */

/* Begin PBXFileReference section */
		CF6A7CEB2D836A5E00BDB398 /* FlickrSearch.app */ = {isa = PBXFileReference; explicitFileType = wrapper.application; includeInIndex = 0; path = FlickrSearch.app; sourceTree = BUILT_PRODUCTS_DIR; };
		CF6A7CEE2D836A5E00BDB398 /* FlickrSearchApp.swift */ = {isa = PBXFileReference; lastKnownFileType = sourcecode.swift; path = FlickrSearchApp.swift; sourceTree = "<group>"; };
		CF6A7CF22D836A6900BDB398 /* Assets.xcassets */ = {isa = PBXFileReference; lastKnownFileType = folder.assetcatalog; path = Assets.xcassets; sourceTree = "<group>"; };
		CF6A7CF52D836A6900BDB398 /* Preview Assets.xcassets */ = {isa = PBXFileReference; lastKnownFileType = folder.assetcatalog; path = "Preview Assets.xcassets"; sourceTree = "<group>"; };
		CF6A7CFB2D836A6A00BDB398 /* FlickrSearchTests.xctest */ = {isa = PBXFileReference; explicitFileType = wrapper.cfbundle; includeInIndex = 0; path = FlickrSearchTests.xctest; sourceTree = BUILT_PRODUCTS_DIR; };
		CF6A7CFF2D836A6A00BDB398 /* FlickrSearchTests.swift */ = {isa = PBXFileReference; lastKnownFileType = sourcecode.swift; path = FlickrSearchTests.swift; sourceTree = "<group>"; };
		CF6A7D052D836A6A00BDB398 /* FlickrSearchUITests.xctest */ = {isa = PBXFileReference; explicitFileType = wrapper.cfbundle; includeInIndex = 0; path = FlickrSearchUITests.xctest; sourceTree = BUILT_PRODUCTS_DIR; };
		CF6A7D092D836A6A00BDB398 /* FlickrSearchUITests.swift */ = {isa = PBXFileReference; lastKnownFileType = sourcecode.swift; path = FlickrSearchUITests.swift; sourceTree = "<group>"; };
		CF6A7D0B2D836A6A00BDB398 /* FlickrSearchUITestsLaunchTests.swift */ = {isa = PBXFileReference; lastKnownFileType = sourcecode.swift; path = FlickrSearchUITestsLaunchTests.swift; sourceTree = "<group>"; };
		CF6A7D212D836B2C00BDB398 /* FeedItem.swift */ = {isa = PBXFileReference; lastKnownFileType = sourcecode.swift; path = FeedItem.swift; sourceTree = "<group>"; };
		CF6A7D232D836BCD00BDB398 /* GetFeedUseCase.swift */ = {isa = PBXFileReference; lastKnownFileType = sourcecode.swift; path = GetFeedUseCase.swift; sourceTree = "<group>"; };
		CF6A7D252D836CE100BDB398 /* FlickrFeedRepository.swift */ = {isa = PBXFileReference; lastKnownFileType = sourcecode.swift; path = FlickrFeedRepository.swift; sourceTree = "<group>"; };
		CF6A7D272D836D5B00BDB398 /* FlickrFeedRemoteDataSource.swift */ = {isa = PBXFileReference; lastKnownFileType = sourcecode.swift; path = FlickrFeedRemoteDataSource.swift; sourceTree = "<group>"; };
		CF6A7D292D836DD300BDB398 /* FeedViewModel.swift */ = {isa = PBXFileReference; lastKnownFileType = sourcecode.swift; path = FeedViewModel.swift; sourceTree = "<group>"; };
		CF6A7D2B2D836E4600BDB398 /* FlickrSearchView.swift */ = {isa = PBXFileReference; lastKnownFileType = sourcecode.swift; path = FlickrSearchView.swift; sourceTree = "<group>"; };
		CF6A7D2D2D83721F00BDB398 /* Feed.swift */ = {isa = PBXFileReference; lastKnownFileType = sourcecode.swift; path = Feed.swift; sourceTree = "<group>"; };
		CF6A7D302D845D4100BDB398 /* CachedAsyncImage.swift */ = {isa = PBXFileReference; lastKnownFileType = sourcecode.swift; path = CachedAsyncImage.swift; sourceTree = "<group>"; };
		CF6A7D372D8462E900BDB398 /* ItemDetailsView.swift */ = {isa = PBXFileReference; lastKnownFileType = sourcecode.swift; path = ItemDetailsView.swift; sourceTree = "<group>"; };
		CF6A7D3E2D846BBF00BDB398 /* MockGetFeedUseCase.swift */ = {isa = PBXFileReference; lastKnownFileType = sourcecode.swift; path = MockGetFeedUseCase.swift; sourceTree = "<group>"; };
		CF6A7D422D846C5100BDB398 /* FeedViewModelTests.swift */ = {isa = PBXFileReference; lastKnownFileType = sourcecode.swift; path = FeedViewModelTests.swift; sourceTree = "<group>"; };
/* End PBXFileReference section */

/* Begin PBXFrameworksBuildPhase section */
		CF6A7CE82D836A5E00BDB398 /* Frameworks */ = {
			isa = PBXFrameworksBuildPhase;
			buildActionMask = 2147483647;
			files = (
			);
			runOnlyForDeploymentPostprocessing = 0;
		};
		CF6A7CF82D836A6A00BDB398 /* Frameworks */ = {
			isa = PBXFrameworksBuildPhase;
			buildActionMask = 2147483647;
			files = (
			);
			runOnlyForDeploymentPostprocessing = 0;
		};
		CF6A7D022D836A6A00BDB398 /* Frameworks */ = {
			isa = PBXFrameworksBuildPhase;
			buildActionMask = 2147483647;
			files = (
			);
			runOnlyForDeploymentPostprocessing = 0;
		};
/* End PBXFrameworksBuildPhase section */

/* Begin PBXGroup section */
		CF6A7CE22D836A5E00BDB398 = {
			isa = PBXGroup;
			children = (
				CF6A7CED2D836A5E00BDB398 /* FlickrSearch */,
				CF6A7CFE2D836A6A00BDB398 /* FlickrSearchTests */,
				CF6A7D082D836A6A00BDB398 /* FlickrSearchUITests */,
				CF6A7CEC2D836A5E00BDB398 /* Products */,
			);
			sourceTree = "<group>";
		};
		CF6A7CEC2D836A5E00BDB398 /* Products */ = {
			isa = PBXGroup;
			children = (
				CF6A7CEB2D836A5E00BDB398 /* FlickrSearch.app */,
				CF6A7CFB2D836A6A00BDB398 /* FlickrSearchTests.xctest */,
				CF6A7D052D836A6A00BDB398 /* FlickrSearchUITests.xctest */,
			);
			name = Products;
			sourceTree = "<group>";
		};
		CF6A7CED2D836A5E00BDB398 /* FlickrSearch */ = {
			isa = PBXGroup;
			children = (
				CF6A7D1A2D836AAB00BDB398 /* Data */,
				CF6A7D192D836A9F00BDB398 /* Domain */,
				CF6A7D182D836A9800BDB398 /* Presentation */,
				CF6A7CEE2D836A5E00BDB398 /* FlickrSearchApp.swift */,
				CF6A7CF22D836A6900BDB398 /* Assets.xcassets */,
				CF6A7CF42D836A6900BDB398 /* Preview Content */,
			);
			path = FlickrSearch;
			sourceTree = "<group>";
		};
		CF6A7CF42D836A6900BDB398 /* Preview Content */ = {
			isa = PBXGroup;
			children = (
				CF6A7CF52D836A6900BDB398 /* Preview Assets.xcassets */,
			);
			path = "Preview Content";
			sourceTree = "<group>";
		};
		CF6A7CFE2D836A6A00BDB398 /* FlickrSearchTests */ = {
			isa = PBXGroup;
			children = (
				CF6A7D402D846C3A00BDB398 /* Presentation */,
				CF6A7D3C2D846BAB00BDB398 /* Data */,
				CF6A7D3B2D846BA600BDB398 /* Domain */,
				CF6A7CFF2D836A6A00BDB398 /* FlickrSearchTests.swift */,
			);
			path = FlickrSearchTests;
			sourceTree = "<group>";
		};
		CF6A7D082D836A6A00BDB398 /* FlickrSearchUITests */ = {
			isa = PBXGroup;
			children = (
				CF6A7D092D836A6A00BDB398 /* FlickrSearchUITests.swift */,
				CF6A7D0B2D836A6A00BDB398 /* FlickrSearchUITestsLaunchTests.swift */,
			);
			path = FlickrSearchUITests;
			sourceTree = "<group>";
		};
		CF6A7D182D836A9800BDB398 /* Presentation */ = {
			isa = PBXGroup;
			children = (
				CF6A7D1C2D836ABD00BDB398 /* ViewModels */,
				CF6A7D1B2D836AB300BDB398 /* Views */,
			);
			path = Presentation;
			sourceTree = "<group>";
		};
		CF6A7D192D836A9F00BDB398 /* Domain */ = {
			isa = PBXGroup;
			children = (
				CF6A7D1E2D836ACA00BDB398 /* UseCases */,
				CF6A7D1D2D836AC500BDB398 /* Models */,
			);
			path = Domain;
			sourceTree = "<group>";
		};
		CF6A7D1A2D836AAB00BDB398 /* Data */ = {
			isa = PBXGroup;
			children = (
				CF6A7D202D836ADA00BDB398 /* DataSources */,
				CF6A7D1F2D836AD100BDB398 /* Repositories */,
			);
			path = Data;
			sourceTree = "<group>";
		};
		CF6A7D1B2D836AB300BDB398 /* Views */ = {
			isa = PBXGroup;
			children = (
				CF6A7D2F2D845D3600BDB398 /* Common */,
				CF6A7D2B2D836E4600BDB398 /* FlickrSearchView.swift */,
				CF6A7D372D8462E900BDB398 /* ItemDetailsView.swift */,
			);
			path = Views;
			sourceTree = "<group>";
		};
		CF6A7D1C2D836ABD00BDB398 /* ViewModels */ = {
			isa = PBXGroup;
			children = (
				CF6A7D292D836DD300BDB398 /* FeedViewModel.swift */,
			);
			path = ViewModels;
			sourceTree = "<group>";
		};
		CF6A7D1D2D836AC500BDB398 /* Models */ = {
			isa = PBXGroup;
			children = (
				CF6A7D212D836B2C00BDB398 /* FeedItem.swift */,
				CF6A7D2D2D83721F00BDB398 /* Feed.swift */,
			);
			path = Models;
			sourceTree = "<group>";
		};
		CF6A7D1E2D836ACA00BDB398 /* UseCases */ = {
			isa = PBXGroup;
			children = (
				CF6A7D232D836BCD00BDB398 /* GetFeedUseCase.swift */,
			);
			path = UseCases;
			sourceTree = "<group>";
		};
		CF6A7D1F2D836AD100BDB398 /* Repositories */ = {
			isa = PBXGroup;
			children = (
				CF6A7D252D836CE100BDB398 /* FlickrFeedRepository.swift */,
			);
			path = Repositories;
			sourceTree = "<group>";
		};
		CF6A7D202D836ADA00BDB398 /* DataSources */ = {
			isa = PBXGroup;
			children = (
				CF6A7D272D836D5B00BDB398 /* FlickrFeedRemoteDataSource.swift */,
			);
			path = DataSources;
			sourceTree = "<group>";
		};
		CF6A7D2F2D845D3600BDB398 /* Common */ = {
			isa = PBXGroup;
			children = (
				CF6A7D302D845D4100BDB398 /* CachedAsyncImage.swift */,
			);
			path = Common;
			sourceTree = "<group>";
		};
		CF6A7D3B2D846BA600BDB398 /* Domain */ = {
			isa = PBXGroup;
			children = (
				CF6A7D3D2D846BB200BDB398 /* UseCases */,
			);
			path = Domain;
			sourceTree = "<group>";
		};
		CF6A7D3C2D846BAB00BDB398 /* Data */ = {
			isa = PBXGroup;
			children = (
			);
			path = Data;
			sourceTree = "<group>";
		};
		CF6A7D3D2D846BB200BDB398 /* UseCases */ = {
			isa = PBXGroup;
			children = (
				CF6A7D3E2D846BBF00BDB398 /* MockGetFeedUseCase.swift */,
			);
			path = UseCases;
			sourceTree = "<group>";
		};
		CF6A7D402D846C3A00BDB398 /* Presentation */ = {
			isa = PBXGroup;
			children = (
				CF6A7D412D846C4200BDB398 /* ViewModels */,
			);
			path = Presentation;
			sourceTree = "<group>";
		};
		CF6A7D412D846C4200BDB398 /* ViewModels */ = {
			isa = PBXGroup;
			children = (
				CF6A7D422D846C5100BDB398 /* FeedViewModelTests.swift */,
			);
			path = ViewModels;
			sourceTree = "<group>";
		};
/* End PBXGroup section */

/* Begin PBXNativeTarget section */
		CF6A7CEA2D836A5E00BDB398 /* FlickrSearch */ = {
			isa = PBXNativeTarget;
			buildConfigurationList = CF6A7D0F2D836A6A00BDB398 /* Build configuration list for PBXNativeTarget "FlickrSearch" */;
			buildPhases = (
				CF6A7CE72D836A5E00BDB398 /* Sources */,
				CF6A7CE82D836A5E00BDB398 /* Frameworks */,
				CF6A7CE92D836A5E00BDB398 /* Resources */,
			);
			buildRules = (
			);
			dependencies = (
			);
			name = FlickrSearch;
			productName = FlickrSearch;
			productReference = CF6A7CEB2D836A5E00BDB398 /* FlickrSearch.app */;
			productType = "com.apple.product-type.application";
		};
		CF6A7CFA2D836A6A00BDB398 /* FlickrSearchTests */ = {
			isa = PBXNativeTarget;
			buildConfigurationList = CF6A7D122D836A6A00BDB398 /* Build configuration list for PBXNativeTarget "FlickrSearchTests" */;
			buildPhases = (
				CF6A7CF72D836A6A00BDB398 /* Sources */,
				CF6A7CF82D836A6A00BDB398 /* Frameworks */,
				CF6A7CF92D836A6A00BDB398 /* Resources */,
			);
			buildRules = (
			);
			dependencies = (
				CF6A7CFD2D836A6A00BDB398 /* PBXTargetDependency */,
			);
			name = FlickrSearchTests;
			productName = FlickrSearchTests;
			productReference = CF6A7CFB2D836A6A00BDB398 /* FlickrSearchTests.xctest */;
			productType = "com.apple.product-type.bundle.unit-test";
		};
		CF6A7D042D836A6A00BDB398 /* FlickrSearchUITests */ = {
			isa = PBXNativeTarget;
			buildConfigurationList = CF6A7D152D836A6A00BDB398 /* Build configuration list for PBXNativeTarget "FlickrSearchUITests" */;
			buildPhases = (
				CF6A7D012D836A6A00BDB398 /* Sources */,
				CF6A7D022D836A6A00BDB398 /* Frameworks */,
				CF6A7D032D836A6A00BDB398 /* Resources */,
			);
			buildRules = (
			);
			dependencies = (
				CF6A7D072D836A6A00BDB398 /* PBXTargetDependency */,
			);
			name = FlickrSearchUITests;
			productName = FlickrSearchUITests;
			productReference = CF6A7D052D836A6A00BDB398 /* FlickrSearchUITests.xctest */;
			productType = "com.apple.product-type.bundle.ui-testing";
		};
/* End PBXNativeTarget section */

/* Begin PBXProject section */
		CF6A7CE32D836A5E00BDB398 /* Project object */ = {
			isa = PBXProject;
			attributes = {
				BuildIndependentTargetsInParallel = 1;
				LastSwiftUpdateCheck = 1540;
				LastUpgradeCheck = 1540;
				TargetAttributes = {
					CF6A7CEA2D836A5E00BDB398 = {
						CreatedOnToolsVersion = 15.4;
					};
					CF6A7CFA2D836A6A00BDB398 = {
						CreatedOnToolsVersion = 15.4;
						TestTargetID = CF6A7CEA2D836A5E00BDB398;
					};
					CF6A7D042D836A6A00BDB398 = {
						CreatedOnToolsVersion = 15.4;
						TestTargetID = CF6A7CEA2D836A5E00BDB398;
					};
				};
			};
			buildConfigurationList = CF6A7CE62D836A5E00BDB398 /* Build configuration list for PBXProject "FlickrSearch" */;
			compatibilityVersion = "Xcode 14.0";
			developmentRegion = en;
			hasScannedForEncodings = 0;
			knownRegions = (
				en,
				Base,
			);
			mainGroup = CF6A7CE22D836A5E00BDB398;
			productRefGroup = CF6A7CEC2D836A5E00BDB398 /* Products */;
			projectDirPath = "";
			projectRoot = "";
			targets = (
				CF6A7CEA2D836A5E00BDB398 /* FlickrSearch */,
				CF6A7CFA2D836A6A00BDB398 /* FlickrSearchTests */,
				CF6A7D042D836A6A00BDB398 /* FlickrSearchUITests */,
			);
		};
/* End PBXProject section */

/* Begin PBXResourcesBuildPhase section */
		CF6A7CE92D836A5E00BDB398 /* Resources */ = {
			isa = PBXResourcesBuildPhase;
			buildActionMask = 2147483647;
			files = (
				CF6A7CF62D836A6900BDB398 /* Preview Assets.xcassets in Resources */,
				CF6A7CF32D836A6900BDB398 /* Assets.xcassets in Resources */,
			);
			runOnlyForDeploymentPostprocessing = 0;
		};
		CF6A7CF92D836A6A00BDB398 /* Resources */ = {
			isa = PBXResourcesBuildPhase;
			buildActionMask = 2147483647;
			files = (
			);
			runOnlyForDeploymentPostprocessing = 0;
		};
		CF6A7D032D836A6A00BDB398 /* Resources */ = {
			isa = PBXResourcesBuildPhase;
			buildActionMask = 2147483647;
			files = (
			);
			runOnlyForDeploymentPostprocessing = 0;
		};
/* End PBXResourcesBuildPhase section */

/* Begin PBXSourcesBuildPhase section */
		CF6A7CE72D836A5E00BDB398 /* Sources */ = {
			isa = PBXSourcesBuildPhase;
			buildActionMask = 2147483647;
			files = (
				CF6A7D242D836BCD00BDB398 /* GetFeedUseCase.swift in Sources */,
				CF6A7D2E2D83721F00BDB398 /* Feed.swift in Sources */,
				CF6A7D2A2D836DD300BDB398 /* FeedViewModel.swift in Sources */,
				CF6A7D382D8462E900BDB398 /* ItemDetailsView.swift in Sources */,
				CF6A7D262D836CE100BDB398 /* FlickrFeedRepository.swift in Sources */,
				CF6A7CEF2D836A5E00BDB398 /* FlickrSearchApp.swift in Sources */,
				CF6A7D2C2D836E4600BDB398 /* FlickrSearchView.swift in Sources */,
				CF6A7D222D836B2C00BDB398 /* FeedItem.swift in Sources */,
				CF6A7D312D845D4100BDB398 /* CachedAsyncImage.swift in Sources */,
				CF6A7D282D836D5B00BDB398 /* FlickrFeedRemoteDataSource.swift in Sources */,
			);
			runOnlyForDeploymentPostprocessing = 0;
		};
		CF6A7CF72D836A6A00BDB398 /* Sources */ = {
			isa = PBXSourcesBuildPhase;
			buildActionMask = 2147483647;
			files = (
				CF6A7D3F2D846BBF00BDB398 /* MockGetFeedUseCase.swift in Sources */,
				CF6A7D432D846C5100BDB398 /* FeedViewModelTests.swift in Sources */,
				CF6A7D002D836A6A00BDB398 /* FlickrSearchTests.swift in Sources */,
			);
			runOnlyForDeploymentPostprocessing = 0;
		};
		CF6A7D012D836A6A00BDB398 /* Sources */ = {
			isa = PBXSourcesBuildPhase;
			buildActionMask = 2147483647;
			files = (
				CF6A7D0A2D836A6A00BDB398 /* FlickrSearchUITests.swift in Sources */,
				CF6A7D0C2D836A6A00BDB398 /* FlickrSearchUITestsLaunchTests.swift in Sources */,
			);
			runOnlyForDeploymentPostprocessing = 0;
		};
/* End PBXSourcesBuildPhase section */

/* Begin PBXTargetDependency section */
		CF6A7CFD2D836A6A00BDB398 /* PBXTargetDependency */ = {
			isa = PBXTargetDependency;
			target = CF6A7CEA2D836A5E00BDB398 /* FlickrSearch */;
			targetProxy = CF6A7CFC2D836A6A00BDB398 /* PBXContainerItemProxy */;
		};
		CF6A7D072D836A6A00BDB398 /* PBXTargetDependency */ = {
			isa = PBXTargetDependency;
			target = CF6A7CEA2D836A5E00BDB398 /* FlickrSearch */;
			targetProxy = CF6A7D062D836A6A00BDB398 /* PBXContainerItemProxy */;
		};
/* End PBXTargetDependency section */

/* Begin XCBuildConfiguration section */
		CF6A7D0D2D836A6A00BDB398 /* Debug */ = {
			isa = XCBuildConfiguration;
			buildSettings = {
				ALWAYS_SEARCH_USER_PATHS = NO;
				ASSETCATALOG_COMPILER_GENERATE_SWIFT_ASSET_SYMBOL_EXTENSIONS = YES;
				CLANG_ANALYZER_NONNULL = YES;
				CLANG_ANALYZER_NUMBER_OBJECT_CONVERSION = YES_AGGRESSIVE;
				CLANG_CXX_LANGUAGE_STANDARD = "gnu++20";
				CLANG_ENABLE_MODULES = YES;
				CLANG_ENABLE_OBJC_ARC = YES;
				CLANG_ENABLE_OBJC_WEAK = YES;
				CLANG_WARN_BLOCK_CAPTURE_AUTORELEASING = YES;
				CLANG_WARN_BOOL_CONVERSION = YES;
				CLANG_WARN_COMMA = YES;
				CLANG_WARN_CONSTANT_CONVERSION = YES;
				CLANG_WARN_DEPRECATED_OBJC_IMPLEMENTATIONS = YES;
				CLANG_WARN_DIRECT_OBJC_ISA_USAGE = YES_ERROR;
				CLANG_WARN_DOCUMENTATION_COMMENTS = YES;
				CLANG_WARN_EMPTY_BODY = YES;
				CLANG_WARN_ENUM_CONVERSION = YES;
				CLANG_WARN_INFINITE_RECURSION = YES;
				CLANG_WARN_INT_CONVERSION = YES;
				CLANG_WARN_NON_LITERAL_NULL_CONVERSION = YES;
				CLANG_WARN_OBJC_IMPLICIT_RETAIN_SELF = YES;
				CLANG_WARN_OBJC_LITERAL_CONVERSION = YES;
				CLANG_WARN_OBJC_ROOT_CLASS = YES_ERROR;
				CLANG_WARN_QUOTED_INCLUDE_IN_FRAMEWORK_HEADER = YES;
				CLANG_WARN_RANGE_LOOP_ANALYSIS = YES;
				CLANG_WARN_STRICT_PROTOTYPES = YES;
				CLANG_WARN_SUSPICIOUS_MOVE = YES;
				CLANG_WARN_UNGUARDED_AVAILABILITY = YES_AGGRESSIVE;
				CLANG_WARN_UNREACHABLE_CODE = YES;
				CLANG_WARN__DUPLICATE_METHOD_MATCH = YES;
				COPY_PHASE_STRIP = NO;
				DEBUG_INFORMATION_FORMAT = dwarf;
				ENABLE_STRICT_OBJC_MSGSEND = YES;
				ENABLE_TESTABILITY = YES;
				ENABLE_USER_SCRIPT_SANDBOXING = YES;
				GCC_C_LANGUAGE_STANDARD = gnu17;
				GCC_DYNAMIC_NO_PIC = NO;
				GCC_NO_COMMON_BLOCKS = YES;
				GCC_OPTIMIZATION_LEVEL = 0;
				GCC_PREPROCESSOR_DEFINITIONS = (
					"DEBUG=1",
					"$(inherited)",
				);
				GCC_WARN_64_TO_32_BIT_CONVERSION = YES;
				GCC_WARN_ABOUT_RETURN_TYPE = YES_ERROR;
				GCC_WARN_UNDECLARED_SELECTOR = YES;
				GCC_WARN_UNINITIALIZED_AUTOS = YES_AGGRESSIVE;
				GCC_WARN_UNUSED_FUNCTION = YES;
				GCC_WARN_UNUSED_VARIABLE = YES;
				IPHONEOS_DEPLOYMENT_TARGET = 17.5;
				LOCALIZATION_PREFERS_STRING_CATALOGS = YES;
				MTL_ENABLE_DEBUG_INFO = INCLUDE_SOURCE;
				MTL_FAST_MATH = YES;
				ONLY_ACTIVE_ARCH = YES;
				SDKROOT = iphoneos;
				SWIFT_ACTIVE_COMPILATION_CONDITIONS = "DEBUG $(inherited)";
				SWIFT_OPTIMIZATION_LEVEL = "-Onone";
			};
			name = Debug;
		};
		CF6A7D0E2D836A6A00BDB398 /* Release */ = {
			isa = XCBuildConfiguration;
			buildSettings = {
				ALWAYS_SEARCH_USER_PATHS = NO;
				ASSETCATALOG_COMPILER_GENERATE_SWIFT_ASSET_SYMBOL_EXTENSIONS = YES;
				CLANG_ANALYZER_NONNULL = YES;
				CLANG_ANALYZER_NUMBER_OBJECT_CONVERSION = YES_AGGRESSIVE;
				CLANG_CXX_LANGUAGE_STANDARD = "gnu++20";
				CLANG_ENABLE_MODULES = YES;
				CLANG_ENABLE_OBJC_ARC = YES;
				CLANG_ENABLE_OBJC_WEAK = YES;
				CLANG_WARN_BLOCK_CAPTURE_AUTORELEASING = YES;
				CLANG_WARN_BOOL_CONVERSION = YES;
				CLANG_WARN_COMMA = YES;
				CLANG_WARN_CONSTANT_CONVERSION = YES;
				CLANG_WARN_DEPRECATED_OBJC_IMPLEMENTATIONS = YES;
				CLANG_WARN_DIRECT_OBJC_ISA_USAGE = YES_ERROR;
				CLANG_WARN_DOCUMENTATION_COMMENTS = YES;
				CLANG_WARN_EMPTY_BODY = YES;
				CLANG_WARN_ENUM_CONVERSION = YES;
				CLANG_WARN_INFINITE_RECURSION = YES;
				CLANG_WARN_INT_CONVERSION = YES;
				CLANG_WARN_NON_LITERAL_NULL_CONVERSION = YES;
				CLANG_WARN_OBJC_IMPLICIT_RETAIN_SELF = YES;
				CLANG_WARN_OBJC_LITERAL_CONVERSION = YES;
				CLANG_WARN_OBJC_ROOT_CLASS = YES_ERROR;
				CLANG_WARN_QUOTED_INCLUDE_IN_FRAMEWORK_HEADER = YES;
				CLANG_WARN_RANGE_LOOP_ANALYSIS = YES;
				CLANG_WARN_STRICT_PROTOTYPES = YES;
				CLANG_WARN_SUSPICIOUS_MOVE = YES;
				CLANG_WARN_UNGUARDED_AVAILABILITY = YES_AGGRESSIVE;
				CLANG_WARN_UNREACHABLE_CODE = YES;
				CLANG_WARN__DUPLICATE_METHOD_MATCH = YES;
				COPY_PHASE_STRIP = NO;
				DEBUG_INFORMATION_FORMAT = "dwarf-with-dsym";
				ENABLE_NS_ASSERTIONS = NO;
				ENABLE_STRICT_OBJC_MSGSEND = YES;
				ENABLE_USER_SCRIPT_SANDBOXING = YES;
				GCC_C_LANGUAGE_STANDARD = gnu17;
				GCC_NO_COMMON_BLOCKS = YES;
				GCC_WARN_64_TO_32_BIT_CONVERSION = YES;
				GCC_WARN_ABOUT_RETURN_TYPE = YES_ERROR;
				GCC_WARN_UNDECLARED_SELECTOR = YES;
				GCC_WARN_UNINITIALIZED_AUTOS = YES_AGGRESSIVE;
				GCC_WARN_UNUSED_FUNCTION = YES;
				GCC_WARN_UNUSED_VARIABLE = YES;
				IPHONEOS_DEPLOYMENT_TARGET = 17.5;
				LOCALIZATION_PREFERS_STRING_CATALOGS = YES;
				MTL_ENABLE_DEBUG_INFO = NO;
				MTL_FAST_MATH = YES;
				SDKROOT = iphoneos;
				SWIFT_COMPILATION_MODE = wholemodule;
				VALIDATE_PRODUCT = YES;
			};
			name = Release;
		};
		CF6A7D102D836A6A00BDB398 /* Debug */ = {
			isa = XCBuildConfiguration;
			buildSettings = {
				ASSETCATALOG_COMPILER_APPICON_NAME = AppIcon;
				ASSETCATALOG_COMPILER_GLOBAL_ACCENT_COLOR_NAME = AccentColor;
				CODE_SIGN_STYLE = Automatic;
				CURRENT_PROJECT_VERSION = 1;
				DEVELOPMENT_ASSET_PATHS = "\"FlickrSearch/Preview Content\"";
				DEVELOPMENT_TEAM = FH9998YKGU;
				ENABLE_PREVIEWS = YES;
				GENERATE_INFOPLIST_FILE = YES;
				INFOPLIST_KEY_UIApplicationSceneManifest_Generation = YES;
				INFOPLIST_KEY_UIApplicationSupportsIndirectInputEvents = YES;
				INFOPLIST_KEY_UILaunchScreen_Generation = YES;
				INFOPLIST_KEY_UISupportedInterfaceOrientations_iPad = "UIInterfaceOrientationPortrait UIInterfaceOrientationPortraitUpsideDown UIInterfaceOrientationLandscapeLeft UIInterfaceOrientationLandscapeRight";
				INFOPLIST_KEY_UISupportedInterfaceOrientations_iPhone = "UIInterfaceOrientationPortrait UIInterfaceOrientationLandscapeLeft UIInterfaceOrientationLandscapeRight";
				LD_RUNPATH_SEARCH_PATHS = (
					"$(inherited)",
					"@executable_path/Frameworks",
				);
				MARKETING_VERSION = 1.0;
				PRODUCT_BUNDLE_IDENTIFIER = com.ruffneck.FlickrSearch;
				PRODUCT_NAME = "$(TARGET_NAME)";
				SWIFT_EMIT_LOC_STRINGS = YES;
				SWIFT_VERSION = 5.0;
				TARGETED_DEVICE_FAMILY = "1,2";
			};
			name = Debug;
		};
		CF6A7D112D836A6A00BDB398 /* Release */ = {
			isa = XCBuildConfiguration;
			buildSettings = {
				ASSETCATALOG_COMPILER_APPICON_NAME = AppIcon;
				ASSETCATALOG_COMPILER_GLOBAL_ACCENT_COLOR_NAME = AccentColor;
				CODE_SIGN_STYLE = Automatic;
				CURRENT_PROJECT_VERSION = 1;
				DEVELOPMENT_ASSET_PATHS = "\"FlickrSearch/Preview Content\"";
				DEVELOPMENT_TEAM = FH9998YKGU;
				ENABLE_PREVIEWS = YES;
				GENERATE_INFOPLIST_FILE = YES;
				INFOPLIST_KEY_UIApplicationSceneManifest_Generation = YES;
				INFOPLIST_KEY_UIApplicationSupportsIndirectInputEvents = YES;
				INFOPLIST_KEY_UILaunchScreen_Generation = YES;
				INFOPLIST_KEY_UISupportedInterfaceOrientations_iPad = "UIInterfaceOrientationPortrait UIInterfaceOrientationPortraitUpsideDown UIInterfaceOrientationLandscapeLeft UIInterfaceOrientationLandscapeRight";
				INFOPLIST_KEY_UISupportedInterfaceOrientations_iPhone = "UIInterfaceOrientationPortrait UIInterfaceOrientationLandscapeLeft UIInterfaceOrientationLandscapeRight";
				LD_RUNPATH_SEARCH_PATHS = (
					"$(inherited)",
					"@executable_path/Frameworks",
				);
				MARKETING_VERSION = 1.0;
				PRODUCT_BUNDLE_IDENTIFIER = com.ruffneck.FlickrSearch;
				PRODUCT_NAME = "$(TARGET_NAME)";
				SWIFT_EMIT_LOC_STRINGS = YES;
				SWIFT_VERSION = 5.0;
				TARGETED_DEVICE_FAMILY = "1,2";
			};
			name = Release;
		};
		CF6A7D132D836A6A00BDB398 /* Debug */ = {
			isa = XCBuildConfiguration;
			buildSettings = {
				ALWAYS_EMBED_SWIFT_STANDARD_LIBRARIES = YES;
				BUNDLE_LOADER = "$(TEST_HOST)";
				CODE_SIGN_STYLE = Automatic;
				CURRENT_PROJECT_VERSION = 1;
				DEVELOPMENT_TEAM = FH9998YKGU;
				GENERATE_INFOPLIST_FILE = YES;
				IPHONEOS_DEPLOYMENT_TARGET = 17.5;
				MARKETING_VERSION = 1.0;
				PRODUCT_BUNDLE_IDENTIFIER = com.ruffneck.FlickrSearchTests;
				PRODUCT_NAME = "$(TARGET_NAME)";
				SWIFT_EMIT_LOC_STRINGS = NO;
				SWIFT_VERSION = 5.0;
				TARGETED_DEVICE_FAMILY = "1,2";
				TEST_HOST = "$(BUILT_PRODUCTS_DIR)/FlickrSearch.app/$(BUNDLE_EXECUTABLE_FOLDER_PATH)/FlickrSearch";
			};
			name = Debug;
		};
		CF6A7D142D836A6A00BDB398 /* Release */ = {
			isa = XCBuildConfiguration;
			buildSettings = {
				ALWAYS_EMBED_SWIFT_STANDARD_LIBRARIES = YES;
				BUNDLE_LOADER = "$(TEST_HOST)";
				CODE_SIGN_STYLE = Automatic;
				CURRENT_PROJECT_VERSION = 1;
				DEVELOPMENT_TEAM = FH9998YKGU;
				GENERATE_INFOPLIST_FILE = YES;
				IPHONEOS_DEPLOYMENT_TARGET = 17.5;
				MARKETING_VERSION = 1.0;
				PRODUCT_BUNDLE_IDENTIFIER = com.ruffneck.FlickrSearchTests;
				PRODUCT_NAME = "$(TARGET_NAME)";
				SWIFT_EMIT_LOC_STRINGS = NO;
				SWIFT_VERSION = 5.0;
				TARGETED_DEVICE_FAMILY = "1,2";
				TEST_HOST = "$(BUILT_PRODUCTS_DIR)/FlickrSearch.app/$(BUNDLE_EXECUTABLE_FOLDER_PATH)/FlickrSearch";
			};
			name = Release;
		};
		CF6A7D162D836A6A00BDB398 /* Debug */ = {
			isa = XCBuildConfiguration;
			buildSettings = {
				ALWAYS_EMBED_SWIFT_STANDARD_LIBRARIES = YES;
				CODE_SIGN_STYLE = Automatic;
				CURRENT_PROJECT_VERSION = 1;
				DEVELOPMENT_TEAM = FH9998YKGU;
				GENERATE_INFOPLIST_FILE = YES;
				MARKETING_VERSION = 1.0;
				PRODUCT_BUNDLE_IDENTIFIER = com.ruffneck.FlickrSearchUITests;
				PRODUCT_NAME = "$(TARGET_NAME)";
				SWIFT_EMIT_LOC_STRINGS = NO;
				SWIFT_VERSION = 5.0;
				TARGETED_DEVICE_FAMILY = "1,2";
				TEST_TARGET_NAME = FlickrSearch;
			};
			name = Debug;
		};
		CF6A7D172D836A6A00BDB398 /* Release */ = {
			isa = XCBuildConfiguration;
			buildSettings = {
				ALWAYS_EMBED_SWIFT_STANDARD_LIBRARIES = YES;
				CODE_SIGN_STYLE = Automatic;
				CURRENT_PROJECT_VERSION = 1;
				DEVELOPMENT_TEAM = FH9998YKGU;
				GENERATE_INFOPLIST_FILE = YES;
				MARKETING_VERSION = 1.0;
				PRODUCT_BUNDLE_IDENTIFIER = com.ruffneck.FlickrSearchUITests;
				PRODUCT_NAME = "$(TARGET_NAME)";
				SWIFT_EMIT_LOC_STRINGS = NO;
				SWIFT_VERSION = 5.0;
				TARGETED_DEVICE_FAMILY = "1,2";
				TEST_TARGET_NAME = FlickrSearch;
			};
			name = Release;
		};
/* End XCBuildConfiguration section */

/* Begin XCConfigurationList section */
		CF6A7CE62D836A5E00BDB398 /* Build configuration list for PBXProject "FlickrSearch" */ = {
			isa = XCConfigurationList;
			buildConfigurations = (
				CF6A7D0D2D836A6A00BDB398 /* Debug */,
				CF6A7D0E2D836A6A00BDB398 /* Release */,
			);
			defaultConfigurationIsVisible = 0;
			defaultConfigurationName = Release;
		};
		CF6A7D0F2D836A6A00BDB398 /* Build configuration list for PBXNativeTarget "FlickrSearch" */ = {
			isa = XCConfigurationList;
			buildConfigurations = (
				CF6A7D102D836A6A00BDB398 /* Debug */,
				CF6A7D112D836A6A00BDB398 /* Release */,
			);
			defaultConfigurationIsVisible = 0;
			defaultConfigurationName = Release;
		};
		CF6A7D122D836A6A00BDB398 /* Build configuration list for PBXNativeTarget "FlickrSearchTests" */ = {
			isa = XCConfigurationList;
			buildConfigurations = (
				CF6A7D132D836A6A00BDB398 /* Debug */,
				CF6A7D142D836A6A00BDB398 /* Release */,
			);
			defaultConfigurationIsVisible = 0;
			defaultConfigurationName = Release;
		};
		CF6A7D152D836A6A00BDB398 /* Build configuration list for PBXNativeTarget "FlickrSearchUITests" */ = {
			isa = XCConfigurationList;
			buildConfigurations = (
				CF6A7D162D836A6A00BDB398 /* Debug */,
				CF6A7D172D836A6A00BDB398 /* Release */,
			);
			defaultConfigurationIsVisible = 0;
			defaultConfigurationName = Release;
		};
/* End XCConfigurationList section */
	};
	rootObject = CF6A7CE32D836A5E00BDB398 /* Project object */;
}
